
Microsoft Visual Studio Solution File, Format Version 10.00
# Visual Studio 2008
Project("{FAE04EC0-301F-11D3-BF4B-00C04F79EFBC}") = "O3DCapsicum", "O3DCapsicum.csproj", "{765777ED-785A-4347-A87B-E82A2EAE1D2D}"
EndProject
Global
	GlobalSection(SolutionConfigurationPlatforms) = preSolution
		Debug|Any CPU = Debug|Any CPU
		Release|Any CPU = Release|Any CPU
	EndGlobalSection
	GlobalSection(ProjectConfigurationPlatforms) = postSolution
		{765777ED-785A-4347-A87B-E82A2EAE1D2D}.Debug|Any CPU.ActiveCfg = Debug|Any CPU
		{765777ED-785A-4347-A87B-E82A2EAE1D2D}.Debug|Any CPU.Build.0 = Debug|Any CPU
		{765777ED-785A-4347-A87B-E82A2EAE1D2D}.Release|Any CPU.ActiveCfg = Release|Any CPU
		{765777ED-785A-4347-A87B-E82A2EAE1D2D}.Release|Any CPU.Build.0 = Release|Any CPU
	EndGlobalSection
	GlobalSection(MonoDevelopProperties) = preSolution
		StartupItem = O3DCapsicum.csproj
		Policies = $0
		$0.DotNetNamingPolicy = $1
		$1.DirectoryNamespaceAssociation = None
		$1.ResourceNamePolicy = FileFormatDefault
	EndGlobalSection
	GlobalSection(SolutionProperties) = preSolution
		HideSolutionNode = FALSE
	EndGlobalSection
EndGlobal
